// !$*UTF8*$!
{
	archiveVersion = 1;
	classes = {
	};
	objectVersion = 50;
	objects = {

/* Begin PBXBuildFile section */
		7B10A86F2478418E005B41ED /* MenuView.swift in Sources */ = {isa = PBXBuildFile; fileRef = 7B10A86E2478418E005B41ED /* MenuView.swift */; };
		7B10A871247864A9005B41ED /* Home.swift in Sources */ = {isa = PBXBuildFile; fileRef = 7B10A870247864A9005B41ED /* Home.swift */; };
		7B10A873247887F2005B41ED /* HomeView.swift in Sources */ = {isa = PBXBuildFile; fileRef = 7B10A872247887F2005B41ED /* HomeView.swift */; };
		7B10A8752478A061005B41ED /* UpdateList.swift in Sources */ = {isa = PBXBuildFile; fileRef = 7B10A8742478A061005B41ED /* UpdateList.swift */; };
		7B10A87724843363005B41ED /* UpdateDetail.swift in Sources */ = {isa = PBXBuildFile; fileRef = 7B10A87624843362005B41ED /* UpdateDetail.swift */; };
		7B10A8792484376C005B41ED /* UpdateStore.swift in Sources */ = {isa = PBXBuildFile; fileRef = 7B10A8782484376C005B41ED /* UpdateStore.swift */; };
		7BD6E50D2474984B00852A3D /* AppDelegate.swift in Sources */ = {isa = PBXBuildFile; fileRef = 7BD6E50C2474984B00852A3D /* AppDelegate.swift */; };
		7BD6E50F2474984B00852A3D /* SceneDelegate.swift in Sources */ = {isa = PBXBuildFile; fileRef = 7BD6E50E2474984B00852A3D /* SceneDelegate.swift */; };
		7BD6E5112474984B00852A3D /* ContentView.swift in Sources */ = {isa = PBXBuildFile; fileRef = 7BD6E5102474984B00852A3D /* ContentView.swift */; };
		7BD6E5132474985400852A3D /* Assets.xcassets in Resources */ = {isa = PBXBuildFile; fileRef = 7BD6E5122474985400852A3D /* Assets.xcassets */; };
		7BD6E5162474985400852A3D /* Preview Assets.xcassets in Resources */ = {isa = PBXBuildFile; fileRef = 7BD6E5152474985400852A3D /* Preview Assets.xcassets */; };
		7BD6E5192474985400852A3D /* LaunchScreen.storyboard in Resources */ = {isa = PBXBuildFile; fileRef = 7BD6E5172474985400852A3D /* LaunchScreen.storyboard */; };
		7BD6E5242474985400852A3D /* SwiftUIIntroTests.swift in Sources */ = {isa = PBXBuildFile; fileRef = 7BD6E5232474985400852A3D /* SwiftUIIntroTests.swift */; };
		7BD6E52F2474985400852A3D /* SwiftUIIntroUITests.swift in Sources */ = {isa = PBXBuildFile; fileRef = 7BD6E52E2474985400852A3D /* SwiftUIIntroUITests.swift */; };
/* End PBXBuildFile section */

/* Begin PBXContainerItemProxy section */
		7BD6E5202474985400852A3D /* PBXContainerItemProxy */ = {
			isa = PBXContainerItemProxy;
			containerPortal = 7BD6E5012474984B00852A3D /* Project object */;
			proxyType = 1;
			remoteGlobalIDString = 7BD6E5082474984B00852A3D;
			remoteInfo = SwiftUIIntro;
		};
		7BD6E52B2474985400852A3D /* PBXContainerItemProxy */ = {
			isa = PBXContainerItemProxy;
			containerPortal = 7BD6E5012474984B00852A3D /* Project object */;
			proxyType = 1;
			remoteGlobalIDString = 7BD6E5082474984B00852A3D;
			remoteInfo = SwiftUIIntro;
		};
/* End PBXContainerItemProxy section */

/* Begin PBXFileReference section */
		7B10A86E2478418E005B41ED /* MenuView.swift */ = {isa = PBXFileReference; lastKnownFileType = sourcecode.swift; path = MenuView.swift; sourceTree = "<group>"; };
		7B10A870247864A9005B41ED /* Home.swift */ = {isa = PBXFileReference; lastKnownFileType = sourcecode.swift; path = Home.swift; sourceTree = "<group>"; };
		7B10A872247887F2005B41ED /* HomeView.swift */ = {isa = PBXFileReference; lastKnownFileType = sourcecode.swift; path = HomeView.swift; sourceTree = "<group>"; };
		7B10A8742478A061005B41ED /* UpdateList.swift */ = {isa = PBXFileReference; lastKnownFileType = sourcecode.swift; path = UpdateList.swift; sourceTree = "<group>"; };
		7B10A87624843362005B41ED /* UpdateDetail.swift */ = {isa = PBXFileReference; lastKnownFileType = sourcecode.swift; path = UpdateDetail.swift; sourceTree = "<group>"; };
		7B10A8782484376C005B41ED /* UpdateStore.swift */ = {isa = PBXFileReference; lastKnownFileType = sourcecode.swift; path = UpdateStore.swift; sourceTree = "<group>"; };
		7BD6E5092474984B00852A3D /* SwiftUIIntro.app */ = {isa = PBXFileReference; explicitFileType = wrapper.application; includeInIndex = 0; path = SwiftUIIntro.app; sourceTree = BUILT_PRODUCTS_DIR; };
		7BD6E50C2474984B00852A3D /* AppDelegate.swift */ = {isa = PBXFileReference; lastKnownFileType = sourcecode.swift; path = AppDelegate.swift; sourceTree = "<group>"; };
		7BD6E50E2474984B00852A3D /* SceneDelegate.swift */ = {isa = PBXFileReference; lastKnownFileType = sourcecode.swift; path = SceneDelegate.swift; sourceTree = "<group>"; };
		7BD6E5102474984B00852A3D /* ContentView.swift */ = {isa = PBXFileReference; lastKnownFileType = sourcecode.swift; path = ContentView.swift; sourceTree = "<group>"; };
		7BD6E5122474985400852A3D /* Assets.xcassets */ = {isa = PBXFileReference; lastKnownFileType = folder.assetcatalog; path = Assets.xcassets; sourceTree = "<group>"; };
		7BD6E5152474985400852A3D /* Preview Assets.xcassets */ = {isa = PBXFileReference; lastKnownFileType = folder.assetcatalog; path = "Preview Assets.xcassets"; sourceTree = "<group>"; };
		7BD6E5182474985400852A3D /* Base */ = {isa = PBXFileReference; lastKnownFileType = file.storyboard; name = Base; path = Base.lproj/LaunchScreen.storyboard; sourceTree = "<group>"; };
		7BD6E51A2474985400852A3D /* Info.plist */ = {isa = PBXFileReference; lastKnownFileType = text.plist.xml; path = Info.plist; sourceTree = "<group>"; };
		7BD6E51F2474985400852A3D /* SwiftUIIntroTests.xctest */ = {isa = PBXFileReference; explicitFileType = wrapper.cfbundle; includeInIndex = 0; path = SwiftUIIntroTests.xctest; sourceTree = BUILT_PRODUCTS_DIR; };
		7BD6E5232474985400852A3D /* SwiftUIIntroTests.swift */ = {isa = PBXFileReference; lastKnownFileType = sourcecode.swift; path = SwiftUIIntroTests.swift; sourceTree = "<group>"; };
		7BD6E5252474985400852A3D /* Info.plist */ = {isa = PBXFileReference; lastKnownFileType = text.plist.xml; path = Info.plist; sourceTree = "<group>"; };
		7BD6E52A2474985400852A3D /* SwiftUIIntroUITests.xctest */ = {isa = PBXFileReference; explicitFileType = wrapper.cfbundle; includeInIndex = 0; path = SwiftUIIntroUITests.xctest; sourceTree = BUILT_PRODUCTS_DIR; };
		7BD6E52E2474985400852A3D /* SwiftUIIntroUITests.swift */ = {isa = PBXFileReference; lastKnownFileType = sourcecode.swift; path = SwiftUIIntroUITests.swift; sourceTree = "<group>"; };
		7BD6E5302474985400852A3D /* Info.plist */ = {isa = PBXFileReference; lastKnownFileType = text.plist.xml; path = Info.plist; sourceTree = "<group>"; };
/* End PBXFileReference section */

/* Begin PBXFrameworksBuildPhase section */
		7BD6E5062474984B00852A3D /* Frameworks */ = {
			isa = PBXFrameworksBuildPhase;
			buildActionMask = 2147483647;
			files = (
			);
			runOnlyForDeploymentPostprocessing = 0;
		};
		7BD6E51C2474985400852A3D /* Frameworks */ = {
			isa = PBXFrameworksBuildPhase;
			buildActionMask = 2147483647;
			files = (
			);
			runOnlyForDeploymentPostprocessing = 0;
		};
		7BD6E5272474985400852A3D /* Frameworks */ = {
			isa = PBXFrameworksBuildPhase;
			buildActionMask = 2147483647;
			files = (
			);
			runOnlyForDeploymentPostprocessing = 0;
		};
/* End PBXFrameworksBuildPhase section */

/* Begin PBXGroup section */
		7BD6E5002474984B00852A3D = {
			isa = PBXGroup;
			children = (
				7BD6E50B2474984B00852A3D /* SwiftUIIntro */,
				7BD6E5222474985400852A3D /* SwiftUIIntroTests */,
				7BD6E52D2474985400852A3D /* SwiftUIIntroUITests */,
				7BD6E50A2474984B00852A3D /* Products */,
			);
			sourceTree = "<group>";
		};
		7BD6E50A2474984B00852A3D /* Products */ = {
			isa = PBXGroup;
			children = (
				7BD6E5092474984B00852A3D /* SwiftUIIntro.app */,
				7BD6E51F2474985400852A3D /* SwiftUIIntroTests.xctest */,
				7BD6E52A2474985400852A3D /* SwiftUIIntroUITests.xctest */,
			);
			name = Products;
			sourceTree = "<group>";
		};
		7BD6E50B2474984B00852A3D /* SwiftUIIntro */ = {
			isa = PBXGroup;
			children = (
				7BD6E50C2474984B00852A3D /* AppDelegate.swift */,
				7BD6E50E2474984B00852A3D /* SceneDelegate.swift */,
				7BD6E5102474984B00852A3D /* ContentView.swift */,
				7B10A870247864A9005B41ED /* Home.swift */,
				7B10A8782484376C005B41ED /* UpdateStore.swift */,
				7B10A8742478A061005B41ED /* UpdateList.swift */,
				7B10A87624843362005B41ED /* UpdateDetail.swift */,
				7B10A872247887F2005B41ED /* HomeView.swift */,
				7B10A86E2478418E005B41ED /* MenuView.swift */,
				7BD6E5122474985400852A3D /* Assets.xcassets */,
				7BD6E5172474985400852A3D /* LaunchScreen.storyboard */,
				7BD6E51A2474985400852A3D /* Info.plist */,
				7BD6E5142474985400852A3D /* Preview Content */,
			);
			path = SwiftUIIntro;
			sourceTree = "<group>";
		};
		7BD6E5142474985400852A3D /* Preview Content */ = {
			isa = PBXGroup;
			children = (
				7BD6E5152474985400852A3D /* Preview Assets.xcassets */,
			);
			path = "Preview Content";
			sourceTree = "<group>";
		};
		7BD6E5222474985400852A3D /* SwiftUIIntroTests */ = {
			isa = PBXGroup;
			children = (
				7BD6E5232474985400852A3D /* SwiftUIIntroTests.swift */,
				7BD6E5252474985400852A3D /* Info.plist */,
			);
			path = SwiftUIIntroTests;
			sourceTree = "<group>";
		};
		7BD6E52D2474985400852A3D /* SwiftUIIntroUITests */ = {
			isa = PBXGroup;
			children = (
				7BD6E52E2474985400852A3D /* SwiftUIIntroUITests.swift */,
				7BD6E5302474985400852A3D /* Info.plist */,
			);
			path = SwiftUIIntroUITests;
			sourceTree = "<group>";
		};
/* End PBXGroup section */

/* Begin PBXNativeTarget section */
		7BD6E5082474984B00852A3D /* SwiftUIIntro */ = {
			isa = PBXNativeTarget;
			buildConfigurationList = 7BD6E5332474985400852A3D /* Build configuration list for PBXNativeTarget "SwiftUIIntro" */;
			buildPhases = (
				7BD6E5052474984B00852A3D /* Sources */,
				7BD6E5062474984B00852A3D /* Frameworks */,
				7BD6E5072474984B00852A3D /* Resources */,
			);
			buildRules = (
			);
			dependencies = (
			);
			name = SwiftUIIntro;
			productName = SwiftUIIntro;
			productReference = 7BD6E5092474984B00852A3D /* SwiftUIIntro.app */;
			productType = "com.apple.product-type.application";
		};
		7BD6E51E2474985400852A3D /* SwiftUIIntroTests */ = {
			isa = PBXNativeTarget;
			buildConfigurationList = 7BD6E5362474985400852A3D /* Build configuration list for PBXNativeTarget "SwiftUIIntroTests" */;
			buildPhases = (
				7BD6E51B2474985400852A3D /* Sources */,
				7BD6E51C2474985400852A3D /* Frameworks */,
				7BD6E51D2474985400852A3D /* Resources */,
			);
			buildRules = (
			);
			dependencies = (
				7BD6E5212474985400852A3D /* PBXTargetDependency */,
			);
			name = SwiftUIIntroTests;
			productName = SwiftUIIntroTests;
			productReference = 7BD6E51F2474985400852A3D /* SwiftUIIntroTests.xctest */;
			productType = "com.apple.product-type.bundle.unit-test";
		};
		7BD6E5292474985400852A3D /* SwiftUIIntroUITests */ = {
			isa = PBXNativeTarget;
			buildConfigurationList = 7BD6E5392474985400852A3D /* Build configuration list for PBXNativeTarget "SwiftUIIntroUITests" */;
			buildPhases = (
				7BD6E5262474985400852A3D /* Sources */,
				7BD6E5272474985400852A3D /* Frameworks */,
				7BD6E5282474985400852A3D /* Resources */,
			);
			buildRules = (
			);
			dependencies = (
				7BD6E52C2474985400852A3D /* PBXTargetDependency */,
			);
			name = SwiftUIIntroUITests;
			productName = SwiftUIIntroUITests;
			productReference = 7BD6E52A2474985400852A3D /* SwiftUIIntroUITests.xctest */;
			productType = "com.apple.product-type.bundle.ui-testing";
		};
/* End PBXNativeTarget section */

/* Begin PBXProject section */
		7BD6E5012474984B00852A3D /* Project object */ = {
			isa = PBXProject;
			attributes = {
				LastSwiftUpdateCheck = 1130;
				LastUpgradeCheck = 1130;
				ORGANIZATIONNAME = "James Rochabrun";
				TargetAttributes = {
					7BD6E5082474984B00852A3D = {
						CreatedOnToolsVersion = 11.3;
					};
					7BD6E51E2474985400852A3D = {
						CreatedOnToolsVersion = 11.3;
						TestTargetID = 7BD6E5082474984B00852A3D;
					};
					7BD6E5292474985400852A3D = {
						CreatedOnToolsVersion = 11.3;
						TestTargetID = 7BD6E5082474984B00852A3D;
					};
				};
			};
			buildConfigurationList = 7BD6E5042474984B00852A3D /* Build configuration list for PBXProject "SwiftUIIntro" */;
			compatibilityVersion = "Xcode 9.3";
			developmentRegion = en;
			hasScannedForEncodings = 0;
			knownRegions = (
				en,
				Base,
			);
			mainGroup = 7BD6E5002474984B00852A3D;
			productRefGroup = 7BD6E50A2474984B00852A3D /* Products */;
			projectDirPath = "";
			projectRoot = "";
			targets = (
				7BD6E5082474984B00852A3D /* SwiftUIIntro */,
				7BD6E51E2474985400852A3D /* SwiftUIIntroTests */,
				7BD6E5292474985400852A3D /* SwiftUIIntroUITests */,
			);
		};
/* End PBXProject section */

/* Begin PBXResourcesBuildPhase section */
		7BD6E5072474984B00852A3D /* Resources */ = {
			isa = PBXResourcesBuildPhase;
			buildActionMask = 2147483647;
			files = (
				7BD6E5192474985400852A3D /* LaunchScreen.storyboard in Resources */,
				7BD6E5162474985400852A3D /* Preview Assets.xcassets in Resources */,
				7BD6E5132474985400852A3D /* Assets.xcassets in Resources */,
			);
			runOnlyForDeploymentPostprocessing = 0;
		};
		7BD6E51D2474985400852A3D /* Resources */ = {
			isa = PBXResourcesBuildPhase;
			buildActionMask = 2147483647;
			files = (
			);
			runOnlyForDeploymentPostprocessing = 0;
		};
		7BD6E5282474985400852A3D /* Resources */ = {
			isa = PBXResourcesBuildPhase;
			buildActionMask = 2147483647;
			files = (
			);
			runOnlyForDeploymentPostprocessing = 0;
		};
/* End PBXResourcesBuildPhase section */

/* Begin PBXSourcesBuildPhase section */
		7BD6E5052474984B00852A3D /* Sources */ = {
			isa = PBXSourcesBuildPhase;
			buildActionMask = 2147483647;
			files = (
				7BD6E50D2474984B00852A3D /* AppDelegate.swift in Sources */,
				7B10A8792484376C005B41ED /* UpdateStore.swift in Sources */,
				7B10A8752478A061005B41ED /* UpdateList.swift in Sources */,
				7B10A86F2478418E005B41ED /* MenuView.swift in Sources */,
				7B10A87724843363005B41ED /* UpdateDetail.swift in Sources */,
				7B10A871247864A9005B41ED /* Home.swift in Sources */,
				7B10A873247887F2005B41ED /* HomeView.swift in Sources */,
				7BD6E50F2474984B00852A3D /* SceneDelegate.swift in Sources */,
				7BD6E5112474984B00852A3D /* ContentView.swift in Sources */,
			);
			runOnlyForDeploymentPostprocessing = 0;
		};
		7BD6E51B2474985400852A3D /* Sources */ = {
			isa = PBXSourcesBuildPhase;
			buildActionMask = 2147483647;
			files = (
				7BD6E5242474985400852A3D /* SwiftUIIntroTests.swift in Sources */,
			);
			runOnlyForDeploymentPostprocessing = 0;
		};
		7BD6E5262474985400852A3D /* Sources */ = {
			isa = PBXSourcesBuildPhase;
			buildActionMask = 2147483647;
			files = (
				7BD6E52F2474985400852A3D /* SwiftUIIntroUITests.swift in Sources */,
			);
			runOnlyForDeploymentPostprocessing = 0;
		};
/* End PBXSourcesBuildPhase section */

/* Begin PBXTargetDependency section */
		7BD6E5212474985400852A3D /* PBXTargetDependency */ = {
			isa = PBXTargetDependency;
			target = 7BD6E5082474984B00852A3D /* SwiftUIIntro */;
			targetProxy = 7BD6E5202474985400852A3D /* PBXContainerItemProxy */;
		};
		7BD6E52C2474985400852A3D /* PBXTargetDependency */ = {
			isa = PBXTargetDependency;
			target = 7BD6E5082474984B00852A3D /* SwiftUIIntro */;
			targetProxy = 7BD6E52B2474985400852A3D /* PBXContainerItemProxy */;
		};
/* End PBXTargetDependency section */

/* Begin PBXVariantGroup section */
		7BD6E5172474985400852A3D /* LaunchScreen.storyboard */ = {
			isa = PBXVariantGroup;
			children = (
				7BD6E5182474985400852A3D /* Base */,
			);
			name = LaunchScreen.storyboard;
			sourceTree = "<group>";
		};
/* End PBXVariantGroup section */

/* Begin XCBuildConfiguration section */
		7BD6E5312474985400852A3D /* Debug */ = {
			isa = XCBuildConfiguration;
			buildSettings = {
				ALWAYS_SEARCH_USER_PATHS = NO;
				CLANG_ANALYZER_NONNULL = YES;
				CLANG_ANALYZER_NUMBER_OBJECT_CONVERSION = YES_AGGRESSIVE;
				CLANG_CXX_LANGUAGE_STANDARD = "gnu++14";
				CLANG_CXX_LIBRARY = "libc++";
				CLANG_ENABLE_MODULES = YES;
				CLANG_ENABLE_OBJC_ARC = YES;
				CLANG_ENABLE_OBJC_WEAK = YES;
				CLANG_WARN_BLOCK_CAPTURE_AUTORELEASING = YES;
				CLANG_WARN_BOOL_CONVERSION = YES;
				CLANG_WARN_COMMA = YES;
				CLANG_WARN_CONSTANT_CONVERSION = YES;
				CLANG_WARN_DEPRECATED_OBJC_IMPLEMENTATIONS = YES;
				CLANG_WARN_DIRECT_OBJC_ISA_USAGE = YES_ERROR;
				CLANG_WARN_DOCUMENTATION_COMMENTS = YES;
				CLANG_WARN_EMPTY_BODY = YES;
				CLANG_WARN_ENUM_CONVERSION = YES;
				CLANG_WARN_INFINITE_RECURSION = YES;
				CLANG_WARN_INT_CONVERSION = YES;
				CLANG_WARN_NON_LITERAL_NULL_CONVERSION = YES;
				CLANG_WARN_OBJC_IMPLICIT_RETAIN_SELF = YES;
				CLANG_WARN_OBJC_LITERAL_CONVERSION = YES;
				CLANG_WARN_OBJC_ROOT_CLASS = YES_ERROR;
				CLANG_WARN_RANGE_LOOP_ANALYSIS = YES;
				CLANG_WARN_STRICT_PROTOTYPES = YES;
				CLANG_WARN_SUSPICIOUS_MOVE = YES;
				CLANG_WARN_UNGUARDED_AVAILABILITY = YES_AGGRESSIVE;
				CLANG_WARN_UNREACHABLE_CODE = YES;
				CLANG_WARN__DUPLICATE_METHOD_MATCH = YES;
				COPY_PHASE_STRIP = NO;
				DEBUG_INFORMATION_FORMAT = dwarf;
				ENABLE_STRICT_OBJC_MSGSEND = YES;
				ENABLE_TESTABILITY = YES;
				GCC_C_LANGUAGE_STANDARD = gnu11;
				GCC_DYNAMIC_NO_PIC = NO;
				GCC_NO_COMMON_BLOCKS = YES;
				GCC_OPTIMIZATION_LEVEL = 0;
				GCC_PREPROCESSOR_DEFINITIONS = (
					"DEBUG=1",
					"$(inherited)",
				);
				GCC_WARN_64_TO_32_BIT_CONVERSION = YES;
				GCC_WARN_ABOUT_RETURN_TYPE = YES_ERROR;
				GCC_WARN_UNDECLARED_SELECTOR = YES;
				GCC_WARN_UNINITIALIZED_AUTOS = YES_AGGRESSIVE;
				GCC_WARN_UNUSED_FUNCTION = YES;
				GCC_WARN_UNUSED_VARIABLE = YES;
				IPHONEOS_DEPLOYMENT_TARGET = 13.2;
				MTL_ENABLE_DEBUG_INFO = INCLUDE_SOURCE;
				MTL_FAST_MATH = YES;
				ONLY_ACTIVE_ARCH = YES;
				SDKROOT = iphoneos;
				SWIFT_ACTIVE_COMPILATION_CONDITIONS = DEBUG;
				SWIFT_OPTIMIZATION_LEVEL = "-Onone";
			};
			name = Debug;
		};
		7BD6E5322474985400852A3D /* Release */ = {
			isa = XCBuildConfiguration;
			buildSettings = {
				ALWAYS_SEARCH_USER_PATHS = NO;
				CLANG_ANALYZER_NONNULL = YES;
				CLANG_ANALYZER_NUMBER_OBJECT_CONVERSION = YES_AGGRESSIVE;
				CLANG_CXX_LANGUAGE_STANDARD = "gnu++14";
				CLANG_CXX_LIBRARY = "libc++";
				CLANG_ENABLE_MODULES = YES;
				CLANG_ENABLE_OBJC_ARC = YES;
				CLANG_ENABLE_OBJC_WEAK = YES;
				CLANG_WARN_BLOCK_CAPTURE_AUTORELEASING = YES;
				CLANG_WARN_BOOL_CONVERSION = YES;
				CLANG_WARN_COMMA = YES;
				CLANG_WARN_CONSTANT_CONVERSION = YES;
				CLANG_WARN_DEPRECATED_OBJC_IMPLEMENTATIONS = YES;
				CLANG_WARN_DIRECT_OBJC_ISA_USAGE = YES_ERROR;
				CLANG_WARN_DOCUMENTATION_COMMENTS = YES;
				CLANG_WARN_EMPTY_BODY = YES;
				CLANG_WARN_ENUM_CONVERSION = YES;
				CLANG_WARN_INFINITE_RECURSION = YES;
				CLANG_WARN_INT_CONVERSION = YES;
				CLANG_WARN_NON_LITERAL_NULL_CONVERSION = YES;
				CLANG_WARN_OBJC_IMPLICIT_RETAIN_SELF = YES;
				CLANG_WARN_OBJC_LITERAL_CONVERSION = YES;
				CLANG_WARN_OBJC_ROOT_CLASS = YES_ERROR;
				CLANG_WARN_RANGE_LOOP_ANALYSIS = YES;
				CLANG_WARN_STRICT_PROTOTYPES = YES;
				CLANG_WARN_SUSPICIOUS_MOVE = YES;
				CLANG_WARN_UNGUARDED_AVAILABILITY = YES_AGGRESSIVE;
				CLANG_WARN_UNREACHABLE_CODE = YES;
				CLANG_WARN__DUPLICATE_METHOD_MATCH = YES;
				COPY_PHASE_STRIP = NO;
				DEBUG_INFORMATION_FORMAT = "dwarf-with-dsym";
				ENABLE_NS_ASSERTIONS = NO;
				ENABLE_STRICT_OBJC_MSGSEND = YES;
				GCC_C_LANGUAGE_STANDARD = gnu11;
				GCC_NO_COMMON_BLOCKS = YES;
				GCC_WARN_64_TO_32_BIT_CONVERSION = YES;
				GCC_WARN_ABOUT_RETURN_TYPE = YES_ERROR;
				GCC_WARN_UNDECLARED_SELECTOR = YES;
				GCC_WARN_UNINITIALIZED_AUTOS = YES_AGGRESSIVE;
				GCC_WARN_UNUSED_FUNCTION = YES;
				GCC_WARN_UNUSED_VARIABLE = YES;
				IPHONEOS_DEPLOYMENT_TARGET = 13.2;
				MTL_ENABLE_DEBUG_INFO = NO;
				MTL_FAST_MATH = YES;
				SDKROOT = iphoneos;
				SWIFT_COMPILATION_MODE = wholemodule;
				SWIFT_OPTIMIZATION_LEVEL = "-O";
				VALIDATE_PRODUCT = YES;
			};
			name = Release;
		};
		7BD6E5342474985400852A3D /* Debug */ = {
			isa = XCBuildConfiguration;
			buildSettings = {
				ASSETCATALOG_COMPILER_APPICON_NAME = AppIcon;
				CODE_SIGN_STYLE = Automatic;
				DEVELOPMENT_ASSET_PATHS = "\"SwiftUIIntro/Preview Content\"";
				DEVELOPMENT_TEAM = CQ45U4X9K3;
				ENABLE_PREVIEWS = YES;
				INFOPLIST_FILE = SwiftUIIntro/Info.plist;
				LD_RUNPATH_SEARCH_PATHS = (
					"$(inherited)",
					"@executable_path/Frameworks",
				);
				PRODUCT_BUNDLE_IDENTIFIER = rochabrun.SwiftUIIntro;
				PRODUCT_NAME = "$(TARGET_NAME)";
				SWIFT_VERSION = 5.0;
				TARGETED_DEVICE_FAMILY = "1,2";
			};
			name = Debug;
		};
		7BD6E5352474985400852A3D /* Release */ = {
			isa = XCBuildConfiguration;
			buildSettings = {
				ASSETCATALOG_COMPILER_APPICON_NAME = AppIcon;
				CODE_SIGN_STYLE = Automatic;
				DEVELOPMENT_ASSET_PATHS = "\"SwiftUIIntro/Preview Content\"";
				DEVELOPMENT_TEAM = CQ45U4X9K3;
				ENABLE_PREVIEWS = YES;
				INFOPLIST_FILE = SwiftUIIntro/Info.plist;
				LD_RUNPATH_SEARCH_PATHS = (
					"$(inherited)",
					"@executable_path/Frameworks",
				);
				PRODUCT_BUNDLE_IDENTIFIER = rochabrun.SwiftUIIntro;
				PRODUCT_NAME = "$(TARGET_NAME)";
				SWIFT_VERSION = 5.0;
				TARGETED_DEVICE_FAMILY = "1,2";
			};
			name = Release;
		};
		7BD6E5372474985400852A3D /* Debug */ = {
			isa = XCBuildConfiguration;
			buildSettings = {
				ALWAYS_EMBED_SWIFT_STANDARD_LIBRARIES = YES;
				BUNDLE_LOADER = "$(TEST_HOST)";
				CODE_SIGN_STYLE = Automatic;
				DEVELOPMENT_TEAM = CQ45U4X9K3;
				INFOPLIST_FILE = SwiftUIIntroTests/Info.plist;
				IPHONEOS_DEPLOYMENT_TARGET = 13.2;
				LD_RUNPATH_SEARCH_PATHS = (
					"$(inherited)",
					"@executable_path/Frameworks",
					"@loader_path/Frameworks",
				);
				PRODUCT_BUNDLE_IDENTIFIER = rochabrun.SwiftUIIntroTests;
				PRODUCT_NAME = "$(TARGET_NAME)";
				SWIFT_VERSION = 5.0;
				TARGETED_DEVICE_FAMILY = "1,2";
				TEST_HOST = "$(BUILT_PRODUCTS_DIR)/SwiftUIIntro.app/SwiftUIIntro";
			};
			name = Debug;
		};
		7BD6E5382474985400852A3D /* Release */ = {
			isa = XCBuildConfiguration;
			buildSettings = {
				ALWAYS_EMBED_SWIFT_STANDARD_LIBRARIES = YES;
				BUNDLE_LOADER = "$(TEST_HOST)";
				CODE_SIGN_STYLE = Automatic;
				DEVELOPMENT_TEAM = CQ45U4X9K3;
				INFOPLIST_FILE = SwiftUIIntroTests/Info.plist;
				IPHONEOS_DEPLOYMENT_TARGET = 13.2;
				LD_RUNPATH_SEARCH_PATHS = (
					"$(inherited)",
					"@executable_path/Frameworks",
					"@loader_path/Frameworks",
				);
				PRODUCT_BUNDLE_IDENTIFIER = rochabrun.SwiftUIIntroTests;
				PRODUCT_NAME = "$(TARGET_NAME)";
				SWIFT_VERSION = 5.0;
				TARGETED_DEVICE_FAMILY = "1,2";
				TEST_HOST = "$(BUILT_PRODUCTS_DIR)/SwiftUIIntro.app/SwiftUIIntro";
			};
			name = Release;
		};
		7BD6E53A2474985400852A3D /* Debug */ = {
			isa = XCBuildConfiguration;
			buildSettings = {
				ALWAYS_EMBED_SWIFT_STANDARD_LIBRARIES = YES;
				CODE_SIGN_STYLE = Automatic;
				DEVELOPMENT_TEAM = CQ45U4X9K3;
				INFOPLIST_FILE = SwiftUIIntroUITests/Info.plist;
				LD_RUNPATH_SEARCH_PATHS = (
					"$(inherited)",
					"@executable_path/Frameworks",
					"@loader_path/Frameworks",
				);
				PRODUCT_BUNDLE_IDENTIFIER = rochabrun.SwiftUIIntroUITests;
				PRODUCT_NAME = "$(TARGET_NAME)";
				SWIFT_VERSION = 5.0;
				TARGETED_DEVICE_FAMILY = "1,2";
				TEST_TARGET_NAME = SwiftUIIntro;
			};
			name = Debug;
		};
		7BD6E53B2474985400852A3D /* Release */ = {
			isa = XCBuildConfiguration;
			buildSettings = {
				ALWAYS_EMBED_SWIFT_STANDARD_LIBRARIES = YES;
				CODE_SIGN_STYLE = Automatic;
				DEVELOPMENT_TEAM = CQ45U4X9K3;
				INFOPLIST_FILE = SwiftUIIntroUITests/Info.plist;
				LD_RUNPATH_SEARCH_PATHS = (
					"$(inherited)",
					"@executable_path/Frameworks",
					"@loader_path/Frameworks",
				);
				PRODUCT_BUNDLE_IDENTIFIER = rochabrun.SwiftUIIntroUITests;
				PRODUCT_NAME = "$(TARGET_NAME)";
				SWIFT_VERSION = 5.0;
				TARGETED_DEVICE_FAMILY = "1,2";
				TEST_TARGET_NAME = SwiftUIIntro;
			};
			name = Release;
		};
/* End XCBuildConfiguration section */

/* Begin XCConfigurationList section */
		7BD6E5042474984B00852A3D /* Build configuration list for PBXProject "SwiftUIIntro" */ = {
			isa = XCConfigurationList;
			buildConfigurations = (
				7BD6E5312474985400852A3D /* Debug */,
				7BD6E5322474985400852A3D /* Release */,
			);
			defaultConfigurationIsVisible = 0;
			defaultConfigurationName = Release;
		};
		7BD6E5332474985400852A3D /* Build configuration list for PBXNativeTarget "SwiftUIIntro" */ = {
			isa = XCConfigurationList;
			buildConfigurations = (
				7BD6E5342474985400852A3D /* Debug */,
				7BD6E5352474985400852A3D /* Release */,
			);
			defaultConfigurationIsVisible = 0;
			defaultConfigurationName = Release;
		};
		7BD6E5362474985400852A3D /* Build configuration list for PBXNativeTarget "SwiftUIIntroTests" */ = {
			isa = XCConfigurationList;
			buildConfigurations = (
				7BD6E5372474985400852A3D /* Debug */,
				7BD6E5382474985400852A3D /* Release */,
			);
			defaultConfigurationIsVisible = 0;
			defaultConfigurationName = Release;
		};
		7BD6E5392474985400852A3D /* Build configuration list for PBXNativeTarget "SwiftUIIntroUITests" */ = {
			isa = XCConfigurationList;
			buildConfigurations = (
				7BD6E53A2474985400852A3D /* Debug */,
				7BD6E53B2474985400852A3D /* Release */,
			);
			defaultConfigurationIsVisible = 0;
			defaultConfigurationName = Release;
		};
/* End XCConfigurationList section */
	};
	rootObject = 7BD6E5012474984B00852A3D /* Project object */;
}
